// !$*UTF8*$!
{
	archiveVersion = 1;
	classes = {
	};
	objectVersion = 50;
	objects = {

/* Begin PBXBuildFile section */
		3738334F22FFB1FA00BA23F1 /* PlaceDetailARCell.swift in Sources */ = {isa = PBXBuildFile; fileRef = 3738334E22FFB1F900BA23F1 /* PlaceDetailARCell.swift */; };
		3738335122FFB48C00BA23F1 /* PlaceDetailSeparatorARCell.swift in Sources */ = {isa = PBXBuildFile; fileRef = 3738335022FFB48C00BA23F1 /* PlaceDetailSeparatorARCell.swift */; };
		3760954F22EFD45300A1D8FB /* AppDelegate.swift in Sources */ = {isa = PBXBuildFile; fileRef = 3760954E22EFD45300A1D8FB /* AppDelegate.swift */; };
		3760955122EFD45300A1D8FB /* art.scnassets in Resources */ = {isa = PBXBuildFile; fileRef = 3760955022EFD45300A1D8FB /* art.scnassets */; };
		3760955322EFD45300A1D8FB /* ViewController.swift in Sources */ = {isa = PBXBuildFile; fileRef = 3760955222EFD45300A1D8FB /* ViewController.swift */; };
		3760955622EFD45300A1D8FB /* Main.storyboard in Resources */ = {isa = PBXBuildFile; fileRef = 3760955422EFD45300A1D8FB /* Main.storyboard */; };
		3760955822EFD45500A1D8FB /* Assets.xcassets in Resources */ = {isa = PBXBuildFile; fileRef = 3760955722EFD45500A1D8FB /* Assets.xcassets */; };
		3760955B22EFD45500A1D8FB /* LaunchScreen.storyboard in Resources */ = {isa = PBXBuildFile; fileRef = 3760955922EFD45500A1D8FB /* LaunchScreen.storyboard */; };
		3760956622EFD45500A1D8FB /* Se__tu_propio_gui_aTests.swift in Sources */ = {isa = PBXBuildFile; fileRef = 3760956522EFD45500A1D8FB /* Se__tu_propio_gui_aTests.swift */; };
		3760957122EFD45500A1D8FB /* Se__tu_propio_gui_aUITests.swift in Sources */ = {isa = PBXBuildFile; fileRef = 3760957022EFD45500A1D8FB /* Se__tu_propio_gui_aUITests.swift */; };
		37CAA1F122F1055A000FE6F5 /* MapaKitViewController.swift in Sources */ = {isa = PBXBuildFile; fileRef = 37CAA1EF22F1055A000FE6F5 /* MapaKitViewController.swift */; };
		37CAA1F222F1055A000FE6F5 /* MapaKitViewController.xib in Resources */ = {isa = PBXBuildFile; fileRef = 37CAA1F022F1055A000FE6F5 /* MapaKitViewController.xib */; };
		37CAA1F522F10703000FE6F5 /* MapKit.framework in Frameworks */ = {isa = PBXBuildFile; fileRef = 37CAA1F422F10703000FE6F5 /* MapKit.framework */; };
		37FAF42122FD4A4D0093EA67 /* PlacesTableViewController.swift in Sources */ = {isa = PBXBuildFile; fileRef = 37FAF42022FD4A4C0093EA67 /* PlacesTableViewController.swift */; };
		37FAF42522FD6BAA0093EA67 /* PlacesTableViewCell.swift in Sources */ = {isa = PBXBuildFile; fileRef = 37FAF42422FD6BAA0093EA67 /* PlacesTableViewCell.swift */; };
		37FAF42722FD71CA0093EA67 /* PlacesDetailViewController.swift in Sources */ = {isa = PBXBuildFile; fileRef = 37FAF42622FD71CA0093EA67 /* PlacesDetailViewController.swift */; };
		37FAF42922FD72200093EA67 /* Place.swift in Sources */ = {isa = PBXBuildFile; fileRef = 37FAF42822FD72200093EA67 /* Place.swift */; };
		37FAF42E22FD76160093EA67 /* PlaceDetailHeaderView.swift in Sources */ = {isa = PBXBuildFile; fileRef = 37FAF42D22FD76160093EA67 /* PlaceDetailHeaderView.swift */; };
		37FAF43022FD7B170093EA67 /* PlaceDetailconTextCell.swift in Sources */ = {isa = PBXBuildFile; fileRef = 37FAF42F22FD7B170093EA67 /* PlaceDetailconTextCell.swift */; };
		37FAF43222FD812E0093EA67 /* PlaceDetailTextCell.swift in Sources */ = {isa = PBXBuildFile; fileRef = 37FAF43122FD812E0093EA67 /* PlaceDetailTextCell.swift */; };
		37FAF43422FD82820093EA67 /* PlaceDetailSeparatorCell.swift in Sources */ = {isa = PBXBuildFile; fileRef = 37FAF43322FD82820093EA67 /* PlaceDetailSeparatorCell.swift */; };
		37FAF43622FD831A0093EA67 /* PlaceDetailMapCell.swift in Sources */ = {isa = PBXBuildFile; fileRef = 37FAF43522FD831A0093EA67 /* PlaceDetailMapCell.swift */; };
		37FAF43922FD85910093EA67 /* UIColor+Ext.swift in Sources */ = {isa = PBXBuildFile; fileRef = 37FAF43822FD85910093EA67 /* UIColor+Ext.swift */; };
		37FAF43B22FD85CB0093EA67 /* UINavigationController+Ext.swift in Sources */ = {isa = PBXBuildFile; fileRef = 37FAF43A22FD85CB0093EA67 /* UINavigationController+Ext.swift */; };
		37FAF44C22FD8C2A0093EA67 /* Rubik-MediumItalic.ttf in Resources */ = {isa = PBXBuildFile; fileRef = 37FAF44122FD8C2A0093EA67 /* Rubik-MediumItalic.ttf */; };
		37FAF44D22FD8C2A0093EA67 /* Rubik-Bold.ttf in Resources */ = {isa = PBXBuildFile; fileRef = 37FAF44222FD8C2A0093EA67 /* Rubik-Bold.ttf */; };
		37FAF44E22FD8C2A0093EA67 /* Rubik-Light.ttf in Resources */ = {isa = PBXBuildFile; fileRef = 37FAF44322FD8C2A0093EA67 /* Rubik-Light.ttf */; };
		37FAF44F22FD8C2A0093EA67 /* Rubik-Medium.ttf in Resources */ = {isa = PBXBuildFile; fileRef = 37FAF44422FD8C2A0093EA67 /* Rubik-Medium.ttf */; };
		37FAF45022FD8C2A0093EA67 /* Rubik-Black.ttf in Resources */ = {isa = PBXBuildFile; fileRef = 37FAF44522FD8C2A0093EA67 /* Rubik-Black.ttf */; };
		37FAF45122FD8C2A0093EA67 /* Rubik-Italic.ttf in Resources */ = {isa = PBXBuildFile; fileRef = 37FAF44622FD8C2A0093EA67 /* Rubik-Italic.ttf */; };
		37FAF45222FD8C2A0093EA67 /* Rubik-LightItalic.ttf in Resources */ = {isa = PBXBuildFile; fileRef = 37FAF44722FD8C2A0093EA67 /* Rubik-LightItalic.ttf */; };
		37FAF45322FD8C2A0093EA67 /* OFL.txt in Resources */ = {isa = PBXBuildFile; fileRef = 37FAF44822FD8C2A0093EA67 /* OFL.txt */; };
		37FAF45422FD8C2A0093EA67 /* Rubik-BlackItalic.ttf in Resources */ = {isa = PBXBuildFile; fileRef = 37FAF44922FD8C2A0093EA67 /* Rubik-BlackItalic.ttf */; };
		37FAF45522FD8C2A0093EA67 /* Rubik-Regular.ttf in Resources */ = {isa = PBXBuildFile; fileRef = 37FAF44A22FD8C2A0093EA67 /* Rubik-Regular.ttf */; };
		37FAF45622FD8C2A0093EA67 /* Rubik-BoldItalic.ttf in Resources */ = {isa = PBXBuildFile; fileRef = 37FAF44B22FD8C2A0093EA67 /* Rubik-BoldItalic.ttf */; };
/* End PBXBuildFile section */

/* Begin PBXContainerItemProxy section */
		3760956222EFD45500A1D8FB /* PBXContainerItemProxy */ = {
			isa = PBXContainerItemProxy;
			containerPortal = 3760954322EFD45300A1D8FB /* Project object */;
			proxyType = 1;
			remoteGlobalIDString = 3760954A22EFD45300A1D8FB;
			remoteInfo = "Sé tu propio guía";
		};
		3760956D22EFD45500A1D8FB /* PBXContainerItemProxy */ = {
			isa = PBXContainerItemProxy;
			containerPortal = 3760954322EFD45300A1D8FB /* Project object */;
			proxyType = 1;
			remoteGlobalIDString = 3760954A22EFD45300A1D8FB;
			remoteInfo = "Sé tu propio guía";
		};
/* End PBXContainerItemProxy section */

/* Begin PBXFileReference section */
		3738334E22FFB1F900BA23F1 /* PlaceDetailARCell.swift */ = {isa = PBXFileReference; lastKnownFileType = sourcecode.swift; path = PlaceDetailARCell.swift; sourceTree = "<group>"; };
		3738335022FFB48C00BA23F1 /* PlaceDetailSeparatorARCell.swift */ = {isa = PBXFileReference; lastKnownFileType = sourcecode.swift; path = PlaceDetailSeparatorARCell.swift; sourceTree = "<group>"; };
		3760954B22EFD45300A1D8FB /* Sé tu propio guía.app */ = {isa = PBXFileReference; explicitFileType = wrapper.application; includeInIndex = 0; path = "Sé tu propio guía.app"; sourceTree = BUILT_PRODUCTS_DIR; };
		3760954E22EFD45300A1D8FB /* AppDelegate.swift */ = {isa = PBXFileReference; lastKnownFileType = sourcecode.swift; path = AppDelegate.swift; sourceTree = "<group>"; };
		3760955022EFD45300A1D8FB /* art.scnassets */ = {isa = PBXFileReference; lastKnownFileType = wrapper.scnassets; path = art.scnassets; sourceTree = "<group>"; };
		3760955222EFD45300A1D8FB /* ViewController.swift */ = {isa = PBXFileReference; lastKnownFileType = sourcecode.swift; path = ViewController.swift; sourceTree = "<group>"; };
		3760955522EFD45300A1D8FB /* Base */ = {isa = PBXFileReference; lastKnownFileType = file.storyboard; name = Base; path = Base.lproj/Main.storyboard; sourceTree = "<group>"; };
		3760955722EFD45500A1D8FB /* Assets.xcassets */ = {isa = PBXFileReference; lastKnownFileType = folder.assetcatalog; path = Assets.xcassets; sourceTree = "<group>"; };
		3760955A22EFD45500A1D8FB /* Base */ = {isa = PBXFileReference; lastKnownFileType = file.storyboard; name = Base; path = Base.lproj/LaunchScreen.storyboard; sourceTree = "<group>"; };
		3760955C22EFD45500A1D8FB /* Info.plist */ = {isa = PBXFileReference; lastKnownFileType = text.plist.xml; path = Info.plist; sourceTree = "<group>"; };
		3760956122EFD45500A1D8FB /* Sé tu propio guíaTests.xctest */ = {isa = PBXFileReference; explicitFileType = wrapper.cfbundle; includeInIndex = 0; path = "Sé tu propio guíaTests.xctest"; sourceTree = BUILT_PRODUCTS_DIR; };
		3760956522EFD45500A1D8FB /* Se__tu_propio_gui_aTests.swift */ = {isa = PBXFileReference; lastKnownFileType = sourcecode.swift; path = Se__tu_propio_gui_aTests.swift; sourceTree = "<group>"; };
		3760956722EFD45500A1D8FB /* Info.plist */ = {isa = PBXFileReference; lastKnownFileType = text.plist.xml; path = Info.plist; sourceTree = "<group>"; };
		3760956C22EFD45500A1D8FB /* Sé tu propio guíaUITests.xctest */ = {isa = PBXFileReference; explicitFileType = wrapper.cfbundle; includeInIndex = 0; path = "Sé tu propio guíaUITests.xctest"; sourceTree = BUILT_PRODUCTS_DIR; };
		3760957022EFD45500A1D8FB /* Se__tu_propio_gui_aUITests.swift */ = {isa = PBXFileReference; lastKnownFileType = sourcecode.swift; path = Se__tu_propio_gui_aUITests.swift; sourceTree = "<group>"; };
		3760957222EFD45500A1D8FB /* Info.plist */ = {isa = PBXFileReference; lastKnownFileType = text.plist.xml; path = Info.plist; sourceTree = "<group>"; };
		37CAA1EF22F1055A000FE6F5 /* MapaKitViewController.swift */ = {isa = PBXFileReference; lastKnownFileType = sourcecode.swift; path = MapaKitViewController.swift; sourceTree = "<group>"; };
		37CAA1F022F1055A000FE6F5 /* MapaKitViewController.xib */ = {isa = PBXFileReference; lastKnownFileType = file.xib; path = MapaKitViewController.xib; sourceTree = "<group>"; };
		37CAA1F422F10703000FE6F5 /* MapKit.framework */ = {isa = PBXFileReference; lastKnownFileType = wrapper.framework; name = MapKit.framework; path = System/Library/Frameworks/MapKit.framework; sourceTree = SDKROOT; };
		37FAF42022FD4A4C0093EA67 /* PlacesTableViewController.swift */ = {isa = PBXFileReference; lastKnownFileType = sourcecode.swift; path = PlacesTableViewController.swift; sourceTree = "<group>"; };
		37FAF42422FD6BAA0093EA67 /* PlacesTableViewCell.swift */ = {isa = PBXFileReference; lastKnownFileType = sourcecode.swift; path = PlacesTableViewCell.swift; sourceTree = "<group>"; };
		37FAF42622FD71CA0093EA67 /* PlacesDetailViewController.swift */ = {isa = PBXFileReference; lastKnownFileType = sourcecode.swift; path = PlacesDetailViewController.swift; sourceTree = "<group>"; };
		37FAF42822FD72200093EA67 /* Place.swift */ = {isa = PBXFileReference; lastKnownFileType = sourcecode.swift; path = Place.swift; sourceTree = "<group>"; };
		37FAF42D22FD76160093EA67 /* PlaceDetailHeaderView.swift */ = {isa = PBXFileReference; lastKnownFileType = sourcecode.swift; path = PlaceDetailHeaderView.swift; sourceTree = "<group>"; };
		37FAF42F22FD7B170093EA67 /* PlaceDetailconTextCell.swift */ = {isa = PBXFileReference; lastKnownFileType = sourcecode.swift; path = PlaceDetailconTextCell.swift; sourceTree = "<group>"; };
		37FAF43122FD812E0093EA67 /* PlaceDetailTextCell.swift */ = {isa = PBXFileReference; lastKnownFileType = sourcecode.swift; path = PlaceDetailTextCell.swift; sourceTree = "<group>"; };
		37FAF43322FD82820093EA67 /* PlaceDetailSeparatorCell.swift */ = {isa = PBXFileReference; lastKnownFileType = sourcecode.swift; path = PlaceDetailSeparatorCell.swift; sourceTree = "<group>"; };
		37FAF43522FD831A0093EA67 /* PlaceDetailMapCell.swift */ = {isa = PBXFileReference; lastKnownFileType = sourcecode.swift; path = PlaceDetailMapCell.swift; sourceTree = "<group>"; };
		37FAF43822FD85910093EA67 /* UIColor+Ext.swift */ = {isa = PBXFileReference; lastKnownFileType = sourcecode.swift; path = "UIColor+Ext.swift"; sourceTree = "<group>"; };
		37FAF43A22FD85CB0093EA67 /* UINavigationController+Ext.swift */ = {isa = PBXFileReference; lastKnownFileType = sourcecode.swift; path = "UINavigationController+Ext.swift"; sourceTree = "<group>"; };
		37FAF44122FD8C2A0093EA67 /* Rubik-MediumItalic.ttf */ = {isa = PBXFileReference; lastKnownFileType = file; path = "Rubik-MediumItalic.ttf"; sourceTree = "<group>"; };
		37FAF44222FD8C2A0093EA67 /* Rubik-Bold.ttf */ = {isa = PBXFileReference; lastKnownFileType = file; path = "Rubik-Bold.ttf"; sourceTree = "<group>"; };
		37FAF44322FD8C2A0093EA67 /* Rubik-Light.ttf */ = {isa = PBXFileReference; lastKnownFileType = file; path = "Rubik-Light.ttf"; sourceTree = "<group>"; };
		37FAF44422FD8C2A0093EA67 /* Rubik-Medium.ttf */ = {isa = PBXFileReference; lastKnownFileType = file; path = "Rubik-Medium.ttf"; sourceTree = "<group>"; };
		37FAF44522FD8C2A0093EA67 /* Rubik-Black.ttf */ = {isa = PBXFileReference; lastKnownFileType = file; path = "Rubik-Black.ttf"; sourceTree = "<group>"; };
		37FAF44622FD8C2A0093EA67 /* Rubik-Italic.ttf */ = {isa = PBXFileReference; lastKnownFileType = file; path = "Rubik-Italic.ttf"; sourceTree = "<group>"; };
		37FAF44722FD8C2A0093EA67 /* Rubik-LightItalic.ttf */ = {isa = PBXFileReference; lastKnownFileType = file; path = "Rubik-LightItalic.ttf"; sourceTree = "<group>"; };
		37FAF44822FD8C2A0093EA67 /* OFL.txt */ = {isa = PBXFileReference; fileEncoding = 4; lastKnownFileType = text; path = OFL.txt; sourceTree = "<group>"; };
		37FAF44922FD8C2A0093EA67 /* Rubik-BlackItalic.ttf */ = {isa = PBXFileReference; lastKnownFileType = file; path = "Rubik-BlackItalic.ttf"; sourceTree = "<group>"; };
		37FAF44A22FD8C2A0093EA67 /* Rubik-Regular.ttf */ = {isa = PBXFileReference; lastKnownFileType = file; path = "Rubik-Regular.ttf"; sourceTree = "<group>"; };
		37FAF44B22FD8C2A0093EA67 /* Rubik-BoldItalic.ttf */ = {isa = PBXFileReference; lastKnownFileType = file; path = "Rubik-BoldItalic.ttf"; sourceTree = "<group>"; };
/* End PBXFileReference section */

/* Begin PBXFrameworksBuildPhase section */
		3760954822EFD45300A1D8FB /* Frameworks */ = {
			isa = PBXFrameworksBuildPhase;
			buildActionMask = 2147483647;
			files = (
				37CAA1F522F10703000FE6F5 /* MapKit.framework in Frameworks */,
			);
			runOnlyForDeploymentPostprocessing = 0;
		};
		3760955E22EFD45500A1D8FB /* Frameworks */ = {
			isa = PBXFrameworksBuildPhase;
			buildActionMask = 2147483647;
			files = (
			);
			runOnlyForDeploymentPostprocessing = 0;
		};
		3760956922EFD45500A1D8FB /* Frameworks */ = {
			isa = PBXFrameworksBuildPhase;
			buildActionMask = 2147483647;
			files = (
			);
			runOnlyForDeploymentPostprocessing = 0;
		};
/* End PBXFrameworksBuildPhase section */

/* Begin PBXGroup section */
		3760954222EFD45300A1D8FB = {
			isa = PBXGroup;
			children = (
				3760954D22EFD45300A1D8FB /* Sé tu propio guía */,
				3760956422EFD45500A1D8FB /* Sé tu propio guíaTests */,
				3760956F22EFD45500A1D8FB /* Sé tu propio guíaUITests */,
				3760954C22EFD45300A1D8FB /* Products */,
				37CAA1F322F10703000FE6F5 /* Frameworks */,
			);
			sourceTree = "<group>";
		};
		3760954C22EFD45300A1D8FB /* Products */ = {
			isa = PBXGroup;
			children = (
				3760954B22EFD45300A1D8FB /* Sé tu propio guía.app */,
				3760956122EFD45500A1D8FB /* Sé tu propio guíaTests.xctest */,
				3760956C22EFD45500A1D8FB /* Sé tu propio guíaUITests.xctest */,
			);
			name = Products;
			sourceTree = "<group>";
		};
		3760954D22EFD45300A1D8FB /* Sé tu propio guía */ = {
			isa = PBXGroup;
			children = (
				3760955022EFD45300A1D8FB /* art.scnassets */,
				3760955222EFD45300A1D8FB /* ViewController.swift */,
				37FAF43F22FD8C2A0093EA67 /* Resources */,
				37FAF43722FD856D0093EA67 /* Extensions */,
				37FAF43C22FD862F0093EA67 /* Storyboard */,
				37FAF42B22FD73430093EA67 /* Model */,
				37FAF42C22FD73520093EA67 /* View */,
				37FAF42A22FD730E0093EA67 /* Controller */,
				3760955722EFD45500A1D8FB /* Assets.xcassets */,
				3760955C22EFD45500A1D8FB /* Info.plist */,
				3760954E22EFD45300A1D8FB /* AppDelegate.swift */,
			);
			path = "Sé tu propio guía";
			sourceTree = "<group>";
		};
		3760956422EFD45500A1D8FB /* Sé tu propio guíaTests */ = {
			isa = PBXGroup;
			children = (
				3760956522EFD45500A1D8FB /* Se__tu_propio_gui_aTests.swift */,
				3760956722EFD45500A1D8FB /* Info.plist */,
			);
			path = "Sé tu propio guíaTests";
			sourceTree = "<group>";
		};
		3760956F22EFD45500A1D8FB /* Sé tu propio guíaUITests */ = {
			isa = PBXGroup;
			children = (
				3760957022EFD45500A1D8FB /* Se__tu_propio_gui_aUITests.swift */,
				3760957222EFD45500A1D8FB /* Info.plist */,
			);
			path = "Sé tu propio guíaUITests";
			sourceTree = "<group>";
		};
		37CAA1F322F10703000FE6F5 /* Frameworks */ = {
			isa = PBXGroup;
			children = (
				37CAA1F422F10703000FE6F5 /* MapKit.framework */,
			);
			name = Frameworks;
			sourceTree = "<group>";
		};
		37FAF42A22FD730E0093EA67 /* Controller */ = {
			isa = PBXGroup;
			children = (
				37FAF42622FD71CA0093EA67 /* PlacesDetailViewController.swift */,
				37FAF42022FD4A4C0093EA67 /* PlacesTableViewController.swift */,
				37CAA1EF22F1055A000FE6F5 /* MapaKitViewController.swift */,
				37CAA1F022F1055A000FE6F5 /* MapaKitViewController.xib */,
			);
			path = Controller;
			sourceTree = "<group>";
		};
		37FAF42B22FD73430093EA67 /* Model */ = {
			isa = PBXGroup;
			children = (
				37FAF42822FD72200093EA67 /* Place.swift */,
			);
			path = Model;
			sourceTree = "<group>";
		};
		37FAF42C22FD73520093EA67 /* View */ = {
			isa = PBXGroup;
			children = (
				37FAF42422FD6BAA0093EA67 /* PlacesTableViewCell.swift */,
				37FAF42D22FD76160093EA67 /* PlaceDetailHeaderView.swift */,
				37FAF42F22FD7B170093EA67 /* PlaceDetailconTextCell.swift */,
				37FAF43122FD812E0093EA67 /* PlaceDetailTextCell.swift */,
				37FAF43322FD82820093EA67 /* PlaceDetailSeparatorCell.swift */,
				37FAF43522FD831A0093EA67 /* PlaceDetailMapCell.swift */,
				3738335022FFB48C00BA23F1 /* PlaceDetailSeparatorARCell.swift */,
				3738334E22FFB1F900BA23F1 /* PlaceDetailARCell.swift */,
			);
			path = View;
			sourceTree = "<group>";
		};
		37FAF43722FD856D0093EA67 /* Extensions */ = {
			isa = PBXGroup;
			children = (
				37FAF43822FD85910093EA67 /* UIColor+Ext.swift */,
				37FAF43A22FD85CB0093EA67 /* UINavigationController+Ext.swift */,
			);
			path = Extensions;
			sourceTree = "<group>";
		};
		37FAF43C22FD862F0093EA67 /* Storyboard */ = {
			isa = PBXGroup;
			children = (
				3760955922EFD45500A1D8FB /* LaunchScreen.storyboard */,
				3760955422EFD45300A1D8FB /* Main.storyboard */,
			);
			path = Storyboard;
			sourceTree = "<group>";
		};
		37FAF43F22FD8C2A0093EA67 /* Resources */ = {
			isa = PBXGroup;
			children = (
				37FAF44022FD8C2A0093EA67 /* Fonts */,
			);
			path = Resources;
			sourceTree = "<group>";
		};
		37FAF44022FD8C2A0093EA67 /* Fonts */ = {
			isa = PBXGroup;
			children = (
				37FAF44122FD8C2A0093EA67 /* Rubik-MediumItalic.ttf */,
				37FAF44222FD8C2A0093EA67 /* Rubik-Bold.ttf */,
				37FAF44322FD8C2A0093EA67 /* Rubik-Light.ttf */,
				37FAF44422FD8C2A0093EA67 /* Rubik-Medium.ttf */,
				37FAF44522FD8C2A0093EA67 /* Rubik-Black.ttf */,
				37FAF44622FD8C2A0093EA67 /* Rubik-Italic.ttf */,
				37FAF44722FD8C2A0093EA67 /* Rubik-LightItalic.ttf */,
				37FAF44822FD8C2A0093EA67 /* OFL.txt */,
				37FAF44922FD8C2A0093EA67 /* Rubik-BlackItalic.ttf */,
				37FAF44A22FD8C2A0093EA67 /* Rubik-Regular.ttf */,
				37FAF44B22FD8C2A0093EA67 /* Rubik-BoldItalic.ttf */,
			);
			path = Fonts;
			sourceTree = "<group>";
		};
/* End PBXGroup section */

/* Begin PBXNativeTarget section */
		3760954A22EFD45300A1D8FB /* Sé tu propio guía */ = {
			isa = PBXNativeTarget;
			buildConfigurationList = 3760957522EFD45500A1D8FB /* Build configuration list for PBXNativeTarget "Sé tu propio guía" */;
			buildPhases = (
				3760954722EFD45300A1D8FB /* Sources */,
				3760954822EFD45300A1D8FB /* Frameworks */,
				3760954922EFD45300A1D8FB /* Resources */,
			);
			buildRules = (
			);
			dependencies = (
			);
			name = "Sé tu propio guía";
			productName = "Sé tu propio guía";
			productReference = 3760954B22EFD45300A1D8FB /* Sé tu propio guía.app */;
			productType = "com.apple.product-type.application";
		};
		3760956022EFD45500A1D8FB /* Sé tu propio guíaTests */ = {
			isa = PBXNativeTarget;
			buildConfigurationList = 3760957822EFD45500A1D8FB /* Build configuration list for PBXNativeTarget "Sé tu propio guíaTests" */;
			buildPhases = (
				3760955D22EFD45500A1D8FB /* Sources */,
				3760955E22EFD45500A1D8FB /* Frameworks */,
				3760955F22EFD45500A1D8FB /* Resources */,
			);
			buildRules = (
			);
			dependencies = (
				3760956322EFD45500A1D8FB /* PBXTargetDependency */,
			);
			name = "Sé tu propio guíaTests";
			productName = "Sé tu propio guíaTests";
			productReference = 3760956122EFD45500A1D8FB /* Sé tu propio guíaTests.xctest */;
			productType = "com.apple.product-type.bundle.unit-test";
		};
		3760956B22EFD45500A1D8FB /* Sé tu propio guíaUITests */ = {
			isa = PBXNativeTarget;
			buildConfigurationList = 3760957B22EFD45500A1D8FB /* Build configuration list for PBXNativeTarget "Sé tu propio guíaUITests" */;
			buildPhases = (
				3760956822EFD45500A1D8FB /* Sources */,
				3760956922EFD45500A1D8FB /* Frameworks */,
				3760956A22EFD45500A1D8FB /* Resources */,
			);
			buildRules = (
			);
			dependencies = (
				3760956E22EFD45500A1D8FB /* PBXTargetDependency */,
			);
			name = "Sé tu propio guíaUITests";
			productName = "Sé tu propio guíaUITests";
			productReference = 3760956C22EFD45500A1D8FB /* Sé tu propio guíaUITests.xctest */;
			productType = "com.apple.product-type.bundle.ui-testing";
		};
/* End PBXNativeTarget section */

/* Begin PBXProject section */
		3760954322EFD45300A1D8FB /* Project object */ = {
			isa = PBXProject;
			attributes = {
				LastSwiftUpdateCheck = 1010;
				LastUpgradeCheck = 1010;
				ORGANIZATIONNAME = "Emiliano Martínez";
				TargetAttributes = {
					3760954A22EFD45300A1D8FB = {
						CreatedOnToolsVersion = 10.1;
						SystemCapabilities = {
							com.apple.Maps.iOS = {
								enabled = 1;
							};
						};
					};
					3760956022EFD45500A1D8FB = {
						CreatedOnToolsVersion = 10.1;
						TestTargetID = 3760954A22EFD45300A1D8FB;
					};
					3760956B22EFD45500A1D8FB = {
						CreatedOnToolsVersion = 10.1;
						TestTargetID = 3760954A22EFD45300A1D8FB;
					};
				};
			};
			buildConfigurationList = 3760954622EFD45300A1D8FB /* Build configuration list for PBXProject "Sé tu propio guía" */;
			compatibilityVersion = "Xcode 9.3";
			developmentRegion = en;
			hasScannedForEncodings = 0;
			knownRegions = (
				en,
				Base,
			);
			mainGroup = 3760954222EFD45300A1D8FB;
			productRefGroup = 3760954C22EFD45300A1D8FB /* Products */;
			projectDirPath = "";
			projectRoot = "";
			targets = (
				3760954A22EFD45300A1D8FB /* Sé tu propio guía */,
				3760956022EFD45500A1D8FB /* Sé tu propio guíaTests */,
				3760956B22EFD45500A1D8FB /* Sé tu propio guíaUITests */,
			);
		};
/* End PBXProject section */

/* Begin PBXResourcesBuildPhase section */
		3760954922EFD45300A1D8FB /* Resources */ = {
			isa = PBXResourcesBuildPhase;
			buildActionMask = 2147483647;
			files = (
				3760955122EFD45300A1D8FB /* art.scnassets in Resources */,
				37FAF45622FD8C2A0093EA67 /* Rubik-BoldItalic.ttf in Resources */,
				37FAF44C22FD8C2A0093EA67 /* Rubik-MediumItalic.ttf in Resources */,
				3760955B22EFD45500A1D8FB /* LaunchScreen.storyboard in Resources */,
				37CAA1F222F1055A000FE6F5 /* MapaKitViewController.xib in Resources */,
				37FAF45422FD8C2A0093EA67 /* Rubik-BlackItalic.ttf in Resources */,
				37FAF44D22FD8C2A0093EA67 /* Rubik-Bold.ttf in Resources */,
				37FAF44E22FD8C2A0093EA67 /* Rubik-Light.ttf in Resources */,
				37FAF45122FD8C2A0093EA67 /* Rubik-Italic.ttf in Resources */,
				37FAF44F22FD8C2A0093EA67 /* Rubik-Medium.ttf in Resources */,
				37FAF45322FD8C2A0093EA67 /* OFL.txt in Resources */,
				3760955822EFD45500A1D8FB /* Assets.xcassets in Resources */,
				37FAF45222FD8C2A0093EA67 /* Rubik-LightItalic.ttf in Resources */,
				37FAF45022FD8C2A0093EA67 /* Rubik-Black.ttf in Resources */,
				37FAF45522FD8C2A0093EA67 /* Rubik-Regular.ttf in Resources */,
				3760955622EFD45300A1D8FB /* Main.storyboard in Resources */,
			);
			runOnlyForDeploymentPostprocessing = 0;
		};
		3760955F22EFD45500A1D8FB /* Resources */ = {
			isa = PBXResourcesBuildPhase;
			buildActionMask = 2147483647;
			files = (
			);
			runOnlyForDeploymentPostprocessing = 0;
		};
		3760956A22EFD45500A1D8FB /* Resources */ = {
			isa = PBXResourcesBuildPhase;
			buildActionMask = 2147483647;
			files = (
			);
			runOnlyForDeploymentPostprocessing = 0;
		};
/* End PBXResourcesBuildPhase section */

/* Begin PBXSourcesBuildPhase section */
		3760954722EFD45300A1D8FB /* Sources */ = {
			isa = PBXSourcesBuildPhase;
			buildActionMask = 2147483647;
			files = (
				37FAF43022FD7B170093EA67 /* PlaceDetailconTextCell.swift in Sources */,
				3760955322EFD45300A1D8FB /* ViewController.swift in Sources */,
				37FAF43622FD831A0093EA67 /* PlaceDetailMapCell.swift in Sources */,
				3738334F22FFB1FA00BA23F1 /* PlaceDetailARCell.swift in Sources */,
				37FAF43422FD82820093EA67 /* PlaceDetailSeparatorCell.swift in Sources */,
				3760954F22EFD45300A1D8FB /* AppDelegate.swift in Sources */,
				37FAF42E22FD76160093EA67 /* PlaceDetailHeaderView.swift in Sources */,
				37CAA1F122F1055A000FE6F5 /* MapaKitViewController.swift in Sources */,
				37FAF43922FD85910093EA67 /* UIColor+Ext.swift in Sources */,
				37FAF42922FD72200093EA67 /* Place.swift in Sources */,
				37FAF43222FD812E0093EA67 /* PlaceDetailTextCell.swift in Sources */,
				37FAF43B22FD85CB0093EA67 /* UINavigationController+Ext.swift in Sources */,
				37FAF42122FD4A4D0093EA67 /* PlacesTableViewController.swift in Sources */,
				37FAF42522FD6BAA0093EA67 /* PlacesTableViewCell.swift in Sources */,
				3738335122FFB48C00BA23F1 /* PlaceDetailSeparatorARCell.swift in Sources */,
				37FAF42722FD71CA0093EA67 /* PlacesDetailViewController.swift in Sources */,
			);
			runOnlyForDeploymentPostprocessing = 0;
		};
		3760955D22EFD45500A1D8FB /* Sources */ = {
			isa = PBXSourcesBuildPhase;
			buildActionMask = 2147483647;
			files = (
				3760956622EFD45500A1D8FB /* Se__tu_propio_gui_aTests.swift in Sources */,
			);
			runOnlyForDeploymentPostprocessing = 0;
		};
		3760956822EFD45500A1D8FB /* Sources */ = {
			isa = PBXSourcesBuildPhase;
			buildActionMask = 2147483647;
			files = (
				3760957122EFD45500A1D8FB /* Se__tu_propio_gui_aUITests.swift in Sources */,
			);
			runOnlyForDeploymentPostprocessing = 0;
		};
/* End PBXSourcesBuildPhase section */

/* Begin PBXTargetDependency section */
		3760956322EFD45500A1D8FB /* PBXTargetDependency */ = {
			isa = PBXTargetDependency;
			target = 3760954A22EFD45300A1D8FB /* Sé tu propio guía */;
			targetProxy = 3760956222EFD45500A1D8FB /* PBXContainerItemProxy */;
		};
		3760956E22EFD45500A1D8FB /* PBXTargetDependency */ = {
			isa = PBXTargetDependency;
			target = 3760954A22EFD45300A1D8FB /* Sé tu propio guía */;
			targetProxy = 3760956D22EFD45500A1D8FB /* PBXContainerItemProxy */;
		};
/* End PBXTargetDependency section */

/* Begin PBXVariantGroup section */
		3760955422EFD45300A1D8FB /* Main.storyboard */ = {
			isa = PBXVariantGroup;
			children = (
				3760955522EFD45300A1D8FB /* Base */,
			);
			name = Main.storyboard;
			sourceTree = "<group>";
		};
		3760955922EFD45500A1D8FB /* LaunchScreen.storyboard */ = {
			isa = PBXVariantGroup;
			children = (
				3760955A22EFD45500A1D8FB /* Base */,
			);
			name = LaunchScreen.storyboard;
			sourceTree = "<group>";
		};
/* End PBXVariantGroup section */

/* Begin XCBuildConfiguration section */
		3760957322EFD45500A1D8FB /* Debug */ = {
			isa = XCBuildConfiguration;
			buildSettings = {
				ALWAYS_SEARCH_USER_PATHS = NO;
				CLANG_ANALYZER_NONNULL = YES;
				CLANG_ANALYZER_NUMBER_OBJECT_CONVERSION = YES_AGGRESSIVE;
				CLANG_CXX_LANGUAGE_STANDARD = "gnu++14";
				CLANG_CXX_LIBRARY = "libc++";
				CLANG_ENABLE_MODULES = YES;
				CLANG_ENABLE_OBJC_ARC = YES;
				CLANG_ENABLE_OBJC_WEAK = YES;
				CLANG_WARN_BLOCK_CAPTURE_AUTORELEASING = YES;
				CLANG_WARN_BOOL_CONVERSION = YES;
				CLANG_WARN_COMMA = YES;
				CLANG_WARN_CONSTANT_CONVERSION = YES;
				CLANG_WARN_DEPRECATED_OBJC_IMPLEMENTATIONS = YES;
				CLANG_WARN_DIRECT_OBJC_ISA_USAGE = YES_ERROR;
				CLANG_WARN_DOCUMENTATION_COMMENTS = YES;
				CLANG_WARN_EMPTY_BODY = YES;
				CLANG_WARN_ENUM_CONVERSION = YES;
				CLANG_WARN_INFINITE_RECURSION = YES;
				CLANG_WARN_INT_CONVERSION = YES;
				CLANG_WARN_NON_LITERAL_NULL_CONVERSION = YES;
				CLANG_WARN_OBJC_IMPLICIT_RETAIN_SELF = YES;
				CLANG_WARN_OBJC_LITERAL_CONVERSION = YES;
				CLANG_WARN_OBJC_ROOT_CLASS = YES_ERROR;
				CLANG_WARN_RANGE_LOOP_ANALYSIS = YES;
				CLANG_WARN_STRICT_PROTOTYPES = YES;
				CLANG_WARN_SUSPICIOUS_MOVE = YES;
				CLANG_WARN_UNGUARDED_AVAILABILITY = YES_AGGRESSIVE;
				CLANG_WARN_UNREACHABLE_CODE = YES;
				CLANG_WARN__DUPLICATE_METHOD_MATCH = YES;
				CODE_SIGN_IDENTITY = "iPhone Developer";
				COPY_PHASE_STRIP = NO;
				DEBUG_INFORMATION_FORMAT = dwarf;
				ENABLE_STRICT_OBJC_MSGSEND = YES;
				ENABLE_TESTABILITY = YES;
				GCC_C_LANGUAGE_STANDARD = gnu11;
				GCC_DYNAMIC_NO_PIC = NO;
				GCC_NO_COMMON_BLOCKS = YES;
				GCC_OPTIMIZATION_LEVEL = 0;
				GCC_PREPROCESSOR_DEFINITIONS = (
					"DEBUG=1",
					"$(inherited)",
				);
				GCC_WARN_64_TO_32_BIT_CONVERSION = YES;
				GCC_WARN_ABOUT_RETURN_TYPE = YES_ERROR;
				GCC_WARN_UNDECLARED_SELECTOR = YES;
				GCC_WARN_UNINITIALIZED_AUTOS = YES_AGGRESSIVE;
				GCC_WARN_UNUSED_FUNCTION = YES;
				GCC_WARN_UNUSED_VARIABLE = YES;
				IPHONEOS_DEPLOYMENT_TARGET = 12.1;
				MTL_ENABLE_DEBUG_INFO = INCLUDE_SOURCE;
				MTL_FAST_MATH = YES;
				ONLY_ACTIVE_ARCH = YES;
				SDKROOT = iphoneos;
				SWIFT_ACTIVE_COMPILATION_CONDITIONS = DEBUG;
				SWIFT_OPTIMIZATION_LEVEL = "-Onone";
			};
			name = Debug;
		};
		3760957422EFD45500A1D8FB /* Release */ = {
			isa = XCBuildConfiguration;
			buildSettings = {
				ALWAYS_SEARCH_USER_PATHS = NO;
				CLANG_ANALYZER_NONNULL = YES;
				CLANG_ANALYZER_NUMBER_OBJECT_CONVERSION = YES_AGGRESSIVE;
				CLANG_CXX_LANGUAGE_STANDARD = "gnu++14";
				CLANG_CXX_LIBRARY = "libc++";
				CLANG_ENABLE_MODULES = YES;
				CLANG_ENABLE_OBJC_ARC = YES;
				CLANG_ENABLE_OBJC_WEAK = YES;
				CLANG_WARN_BLOCK_CAPTURE_AUTORELEASING = YES;
				CLANG_WARN_BOOL_CONVERSION = YES;
				CLANG_WARN_COMMA = YES;
				CLANG_WARN_CONSTANT_CONVERSION = YES;
				CLANG_WARN_DEPRECATED_OBJC_IMPLEMENTATIONS = YES;
				CLANG_WARN_DIRECT_OBJC_ISA_USAGE = YES_ERROR;
				CLANG_WARN_DOCUMENTATION_COMMENTS = YES;
				CLANG_WARN_EMPTY_BODY = YES;
				CLANG_WARN_ENUM_CONVERSION = YES;
				CLANG_WARN_INFINITE_RECURSION = YES;
				CLANG_WARN_INT_CONVERSION = YES;
				CLANG_WARN_NON_LITERAL_NULL_CONVERSION = YES;
				CLANG_WARN_OBJC_IMPLICIT_RETAIN_SELF = YES;
				CLANG_WARN_OBJC_LITERAL_CONVERSION = YES;
				CLANG_WARN_OBJC_ROOT_CLASS = YES_ERROR;
				CLANG_WARN_RANGE_LOOP_ANALYSIS = YES;
				CLANG_WARN_STRICT_PROTOTYPES = YES;
				CLANG_WARN_SUSPICIOUS_MOVE = YES;
				CLANG_WARN_UNGUARDED_AVAILABILITY = YES_AGGRESSIVE;
				CLANG_WARN_UNREACHABLE_CODE = YES;
				CLANG_WARN__DUPLICATE_METHOD_MATCH = YES;
				CODE_SIGN_IDENTITY = "iPhone Developer";
				COPY_PHASE_STRIP = NO;
				DEBUG_INFORMATION_FORMAT = "dwarf-with-dsym";
				ENABLE_NS_ASSERTIONS = NO;
				ENABLE_STRICT_OBJC_MSGSEND = YES;
				GCC_C_LANGUAGE_STANDARD = gnu11;
				GCC_NO_COMMON_BLOCKS = YES;
				GCC_WARN_64_TO_32_BIT_CONVERSION = YES;
				GCC_WARN_ABOUT_RETURN_TYPE = YES_ERROR;
				GCC_WARN_UNDECLARED_SELECTOR = YES;
				GCC_WARN_UNINITIALIZED_AUTOS = YES_AGGRESSIVE;
				GCC_WARN_UNUSED_FUNCTION = YES;
				GCC_WARN_UNUSED_VARIABLE = YES;
				IPHONEOS_DEPLOYMENT_TARGET = 12.1;
				MTL_ENABLE_DEBUG_INFO = NO;
				MTL_FAST_MATH = YES;
				SDKROOT = iphoneos;
				SWIFT_COMPILATION_MODE = wholemodule;
				SWIFT_OPTIMIZATION_LEVEL = "-O";
				VALIDATE_PRODUCT = YES;
			};
			name = Release;
		};
		3760957622EFD45500A1D8FB /* Debug */ = {
			isa = XCBuildConfiguration;
			buildSettings = {
				ASSETCATALOG_COMPILER_APPICON_NAME = AppIcon;
				CODE_SIGN_STYLE = Automatic;
				DEVELOPMENT_TEAM = UZFBF348XK;
				INFOPLIST_FILE = "Sé tu propio guía/Info.plist";
				LD_RUNPATH_SEARCH_PATHS = (
					"$(inherited)",
					"@executable_path/Frameworks",
				);
				PRODUCT_BUNDLE_IDENTIFIER = "Emiliano.Se--tu-propio-gui-a";
				PRODUCT_NAME = "$(TARGET_NAME)";
				SWIFT_VERSION = 4.2;
				TARGETED_DEVICE_FAMILY = "1,2";
			};
			name = Debug;
		};
		3760957722EFD45500A1D8FB /* Release */ = {
			isa = XCBuildConfiguration;
			buildSettings = {
				ASSETCATALOG_COMPILER_APPICON_NAME = AppIcon;
				CODE_SIGN_STYLE = Automatic;
				DEVELOPMENT_TEAM = UZFBF348XK;
				INFOPLIST_FILE = "Sé tu propio guía/Info.plist";
				LD_RUNPATH_SEARCH_PATHS = (
					"$(inherited)",
					"@executable_path/Frameworks",
				);
				PRODUCT_BUNDLE_IDENTIFIER = "Emiliano.Se--tu-propio-gui-a";
				PRODUCT_NAME = "$(TARGET_NAME)";
				SWIFT_VERSION = 4.2;
				TARGETED_DEVICE_FAMILY = "1,2";
			};
			name = Release;
		};
		3760957922EFD45500A1D8FB /* Debug */ = {
			isa = XCBuildConfiguration;
			buildSettings = {
				ALWAYS_EMBED_SWIFT_STANDARD_LIBRARIES = YES;
				BUNDLE_LOADER = "$(TEST_HOST)";
				CODE_SIGN_STYLE = Automatic;
				DEVELOPMENT_TEAM = UZFBF348XK;
				INFOPLIST_FILE = "Sé tu propio guíaTests/Info.plist";
				LD_RUNPATH_SEARCH_PATHS = (
					"$(inherited)",
					"@executable_path/Frameworks",
					"@loader_path/Frameworks",
				);
				PRODUCT_BUNDLE_IDENTIFIER = "Emiliano.Se--tu-propio-gui-aTests";
				PRODUCT_NAME = "$(TARGET_NAME)";
				SWIFT_VERSION = 4.2;
				TARGETED_DEVICE_FAMILY = "1,2";
				TEST_HOST = "$(BUILT_PRODUCTS_DIR)/Sé tu propio guía.app/Sé tu propio guía";
			};
			name = Debug;
		};
		3760957A22EFD45500A1D8FB /* Release */ = {
			isa = XCBuildConfiguration;
			buildSettings = {
				ALWAYS_EMBED_SWIFT_STANDARD_LIBRARIES = YES;
				BUNDLE_LOADER = "$(TEST_HOST)";
				CODE_SIGN_STYLE = Automatic;
				DEVELOPMENT_TEAM = UZFBF348XK;
				INFOPLIST_FILE = "Sé tu propio guíaTests/Info.plist";
				LD_RUNPATH_SEARCH_PATHS = (
					"$(inherited)",
					"@executable_path/Frameworks",
					"@loader_path/Frameworks",
				);
				PRODUCT_BUNDLE_IDENTIFIER = "Emiliano.Se--tu-propio-gui-aTests";
				PRODUCT_NAME = "$(TARGET_NAME)";
				SWIFT_VERSION = 4.2;
				TARGETED_DEVICE_FAMILY = "1,2";
				TEST_HOST = "$(BUILT_PRODUCTS_DIR)/Sé tu propio guía.app/Sé tu propio guía";
			};
			name = Release;
		};
		3760957C22EFD45500A1D8FB /* Debug */ = {
			isa = XCBuildConfiguration;
			buildSettings = {
				ALWAYS_EMBED_SWIFT_STANDARD_LIBRARIES = YES;
				CODE_SIGN_STYLE = Automatic;
				DEVELOPMENT_TEAM = UZFBF348XK;
				INFOPLIST_FILE = "Sé tu propio guíaUITests/Info.plist";
				LD_RUNPATH_SEARCH_PATHS = (
					"$(inherited)",
					"@executable_path/Frameworks",
					"@loader_path/Frameworks",
				);
				PRODUCT_BUNDLE_IDENTIFIER = "Emiliano.Se--tu-propio-gui-aUITests";
				PRODUCT_NAME = "$(TARGET_NAME)";
				SWIFT_VERSION = 4.2;
				TARGETED_DEVICE_FAMILY = "1,2";
				TEST_TARGET_NAME = "Sé tu propio guía";
			};
			name = Debug;
		};
		3760957D22EFD45500A1D8FB /* Release */ = {
			isa = XCBuildConfiguration;
			buildSettings = {
				ALWAYS_EMBED_SWIFT_STANDARD_LIBRARIES = YES;
				CODE_SIGN_STYLE = Automatic;
				DEVELOPMENT_TEAM = UZFBF348XK;
				INFOPLIST_FILE = "Sé tu propio guíaUITests/Info.plist";
				LD_RUNPATH_SEARCH_PATHS = (
					"$(inherited)",
					"@executable_path/Frameworks",
					"@loader_path/Frameworks",
				);
				PRODUCT_BUNDLE_IDENTIFIER = "Emiliano.Se--tu-propio-gui-aUITests";
				PRODUCT_NAME = "$(TARGET_NAME)";
				SWIFT_VERSION = 4.2;
				TARGETED_DEVICE_FAMILY = "1,2";
				TEST_TARGET_NAME = "Sé tu propio guía";
			};
			name = Release;
		};
/* End XCBuildConfiguration section */

/* Begin XCConfigurationList section */
		3760954622EFD45300A1D8FB /* Build configuration list for PBXProject "Sé tu propio guía" */ = {
			isa = XCConfigurationList;
			buildConfigurations = (
				3760957322EFD45500A1D8FB /* Debug */,
				3760957422EFD45500A1D8FB /* Release */,
			);
			defaultConfigurationIsVisible = 0;
			defaultConfigurationName = Release;
		};
		3760957522EFD45500A1D8FB /* Build configuration list for PBXNativeTarget "Sé tu propio guía" */ = {
			isa = XCConfigurationList;
			buildConfigurations = (
				3760957622EFD45500A1D8FB /* Debug */,
				3760957722EFD45500A1D8FB /* Release */,
			);
			defaultConfigurationIsVisible = 0;
			defaultConfigurationName = Release;
		};
		3760957822EFD45500A1D8FB /* Build configuration list for PBXNativeTarget "Sé tu propio guíaTests" */ = {
			isa = XCConfigurationList;
			buildConfigurations = (
				3760957922EFD45500A1D8FB /* Debug */,
				3760957A22EFD45500A1D8FB /* Release */,
			);
			defaultConfigurationIsVisible = 0;
			defaultConfigurationName = Release;
		};
		3760957B22EFD45500A1D8FB /* Build configuration list for PBXNativeTarget "Sé tu propio guíaUITests" */ = {
			isa = XCConfigurationList;
			buildConfigurations = (
				3760957C22EFD45500A1D8FB /* Debug */,
				3760957D22EFD45500A1D8FB /* Release */,
			);
			defaultConfigurationIsVisible = 0;
			defaultConfigurationName = Release;
		};
/* End XCConfigurationList section */
	};
	rootObject = 3760954322EFD45300A1D8FB /* Project object */;
}
